{
  "version": 2,
  "dependencies": {
    "net11.0": {
      "Microsoft.CodeAnalysis.CSharp.CodeStyle": {
        "type": "Direct",
        "requested": "[5.6.0, )",
        "resolved": "5.6.0",
        "contentHash": "Egy5QVz6J403MNj9cphWCwiU1ARbUa1nwM2S/0UnlaRt7K32JVr5uRfa1WYR1OmzPd/clTM+CJx8DWfxEqJ0fA=="
      },
      "Microsoft.NET.ILLink.Tasks": {
        "type": "Direct",
        "requested": "[11.0.0-preview.7.26381.103, )",
        "resolved": "11.0.0-preview.7.26381.103",
        "contentHash": "UpCNpEWY31Zr5mKOmgbIRFZCltcoin2vh6t7ENl1i94zW5LJZVLnsIAdpBNWVqpe03k3REzMkjhkO4GhxZl2mA=="
      },
      "Microsoft.Sbom.Targets": {
        "type": "Direct",
        "requested": "[4.1.5, )",
        "resolved": "4.1.5",
        "contentHash": "i5z+cNu/cOcdO0AgFB8aXk8w6In2H+haaDfSgd9ImvQIK+rSHavHZIogVoAZLL8jLwYx4bAcs5b7EyuMMG4mQQ=="
      }
    }
  }
}